
Microsoft Visual Studio Solution File, Format Version 12.00
# Visual Studio Version 16
VisualStudioVersion = 16.0.29920.165
MinimumVisualStudioVersion = 10.0.40219.1
Project("{F184B08F-C81C-45F6-A57F-5ABD9991F28F}") = "Elektronika-api", "Elektronika-api.vbproj", "{3334B43C-5C02-427C-82B4-6A7E3734DEFD}"
EndProject
Global
	GlobalSection(SolutionConfigurationPlatforms) = preSolution
		Debug|Any CPU = Debug|Any CPU
		Release|Any CPU = Release|Any CPU
	EndGlobalSection
	GlobalSection(ProjectConfigurationPlatforms) = postSolution
		{3334B43C-5C02-427C-82B4-6A7E3734DEFD}.Debug|Any CPU.ActiveCfg = Debug|Any CPU
		{3334B43C-5C02-427C-82B4-6A7E3734DEFD}.Debug|Any CPU.Build.0 = Debug|Any CPU
		{3334B43C-5C02-427C-82B4-6A7E3734DEFD}.Release|Any CPU.ActiveCfg = Release|Any CPU
		{3334B43C-5C02-427C-82B4-6A7E3734DEFD}.Release|Any CPU.Build.0 = Release|Any CPU
	EndGlobalSection
	GlobalSection(SolutionProperties) = preSolution
		HideSolutionNode = FALSE
	EndGlobalSection
	GlobalSection(ExtensibilityGlobals) = postSolution
		SolutionGuid = {3C449DFD-F54B-4320-938B-65A4D5C46320}
	EndGlobalSection
EndGlobal
